<?xml version="1.0" encoding="UTF-8" standalone="yes" ?>
<CodeBlocks_project_file>
	<FileVersion major="1" minor="6" />
	<Project>
		<Option title="TP_Integrador" />
		<Option pch_mode="2" />
		<Option compiler="gcc" />
		<Option virtualFolders="include/libro/" />
		<Build>
			<Target title="Debug">
				<Option output="bin/Debug/TP_Integrador" prefix_auto="1" extension_auto="1" />
				<Option object_output="obj/Debug/" />
				<Option type="1" />
				<Option compiler="gcc" />
				<Compiler>
					<Add option="-g" />
					<Add directory="include" />
				</Compiler>
			</Target>
			<Target title="Release">
				<Option output="bin/Release/TP_Integrador" prefix_auto="1" extension_auto="1" />
				<Option object_output="obj/Release/" />
				<Option type="1" />
				<Option compiler="gcc" />
				<Compiler>
					<Add option="-O2" />
					<Add directory="include" />
				</Compiler>
				<Linker>
					<Add option="-s" />
				</Linker>
			</Target>
		</Build>
		<Compiler>
			<Add option="-Wall" />
			<Add option="-fexceptions" />
		</Compiler>
		<Unit filename="include/clsBackup.h" />
		<Unit filename="include/clsDomicilio.h" />
		<Unit filename="include/clsExporte.h" />
		<Unit filename="include/clsFecha.h" />
		<Unit filename="include/cuota/clsArchCuota.h" />
		<Unit filename="include/cuota/clsCuota.h" />
		<Unit filename="include/funciones.h" />
		<Unit filename="include/libro/clsArchLibro.h" />
		<Unit filename="include/libro/clsLibro.h" />
		<Unit filename="include/prestamo/clsArchPrestamo.h" />
		<Unit filename="include/prestamo/clsPrestamo.h" />
		<Unit filename="include/socio/clsArchSocio.h" />
		<Unit filename="include/socio/clsSocio.h" />
		<Unit filename="main.cpp" />
		<Unit filename="resources.rc">
			<Option compilerVar="WINDRES" />
		</Unit>
		<Unit filename="src/clsBackup.cpp" />
		<Unit filename="src/clsDomicilio.cpp" />
		<Unit filename="src/clsExporte.cpp" />
		<Unit filename="src/clsFecha.cpp">
			<Option virtualFolder="include/libro/" />
		</Unit>
		<Unit filename="src/cuota/clsArchCuota.cpp" />
		<Unit filename="src/cuota/clsCuota.cpp" />
		<Unit filename="src/funciones.cpp" />
		<Unit filename="src/libro/clsArchLibro.cpp" />
		<Unit filename="src/libro/clsLibro.cpp" />
		<Unit filename="src/prestamo/clsArchPrestamo.cpp" />
		<Unit filename="src/prestamo/clsPrestamo.cpp" />
		<Unit filename="src/socio/clsArchSocio.cpp" />
		<Unit filename="src/socio/clsSocio.cpp" />
		<Extensions>
			<lib_finder disable_auto="1" />
		</Extensions>
	</Project>
</CodeBlocks_project_file>
